// !$*UTF8*$!
{
	archiveVersion = 1;
	classes = {
	};
	objectVersion = 50;
	objects = {

/* Begin PBXBuildFile section */
		5435AEA9253AD07E008FF64E /* InicioSesion.swift in Sources */ = {isa = PBXBuildFile; fileRef = 5435AEA8253AD07E008FF64E /* InicioSesion.swift */; };
		543F86DC253B2F2600351B3C /* HideKeyboard.swift in Sources */ = {isa = PBXBuildFile; fileRef = 543F86DB253B2F2600351B3C /* HideKeyboard.swift */; };
		54BC8DDA253A03AB00DD135B /* Main.storyboard in Resources */ = {isa = PBXBuildFile; fileRef = 54BC8DD9253A03AB00DD135B /* Main.storyboard */; };
		54BC8DDC253A045D00DD135B /* Principal.swift in Sources */ = {isa = PBXBuildFile; fileRef = 54BC8DDB253A045D00DD135B /* Principal.swift */; };
		54BC8DDE253A047A00DD135B /* Mapa.swift in Sources */ = {isa = PBXBuildFile; fileRef = 54BC8DDD253A047A00DD135B /* Mapa.swift */; };
		54BC8DE0253A048800DD135B /* Notificaciones.swift in Sources */ = {isa = PBXBuildFile; fileRef = 54BC8DDF253A048800DD135B /* Notificaciones.swift */; };
		54BC8DE2253A04B900DD135B /* Cliente.swift in Sources */ = {isa = PBXBuildFile; fileRef = 54BC8DE1253A04B900DD135B /* Cliente.swift */; };
		54BC8DE4253A055B00DD135B /* LaunchScreen.storyboard in Resources */ = {isa = PBXBuildFile; fileRef = 54BC8DE3253A055B00DD135B /* LaunchScreen.storyboard */; };
		54EFD2F1252CD72E0050E54C /* AppDelegate.swift in Sources */ = {isa = PBXBuildFile; fileRef = 54EFD2F0252CD72E0050E54C /* AppDelegate.swift */; };
		54EFD2F3252CD72E0050E54C /* SceneDelegate.swift in Sources */ = {isa = PBXBuildFile; fileRef = 54EFD2F2252CD72E0050E54C /* SceneDelegate.swift */; };
		54EFD2FB252CD72E0050E54C /* BBVA.xcdatamodeld in Sources */ = {isa = PBXBuildFile; fileRef = 54EFD2F9252CD72E0050E54C /* BBVA.xcdatamodeld */; };
		54EFD2FD252CD7310050E54C /* Assets.xcassets in Resources */ = {isa = PBXBuildFile; fileRef = 54EFD2FC252CD7310050E54C /* Assets.xcassets */; };
		55D0B45F7C5125B8741DC912 /* Pods_BBVA.framework in Frameworks */ = {isa = PBXBuildFile; fileRef = B78823111ED5215650C7C44E /* Pods_BBVA.framework */; };
/* End PBXBuildFile section */

/* Begin PBXFileReference section */
		51CEB5306CE71C92E7BE4F79 /* Pods-BBVA.debug.xcconfig */ = {isa = PBXFileReference; includeInIndex = 1; lastKnownFileType = text.xcconfig; name = "Pods-BBVA.debug.xcconfig"; path = "Target Support Files/Pods-BBVA/Pods-BBVA.debug.xcconfig"; sourceTree = "<group>"; };
		5435AEA8253AD07E008FF64E /* InicioSesion.swift */ = {isa = PBXFileReference; lastKnownFileType = sourcecode.swift; path = InicioSesion.swift; sourceTree = "<group>"; };
		543F86DB253B2F2600351B3C /* HideKeyboard.swift */ = {isa = PBXFileReference; lastKnownFileType = sourcecode.swift; path = HideKeyboard.swift; sourceTree = "<group>"; };
		54BC8DD9253A03AB00DD135B /* Main.storyboard */ = {isa = PBXFileReference; lastKnownFileType = file.storyboard; path = Main.storyboard; sourceTree = "<group>"; };
		54BC8DDB253A045D00DD135B /* Principal.swift */ = {isa = PBXFileReference; lastKnownFileType = sourcecode.swift; path = Principal.swift; sourceTree = "<group>"; };
		54BC8DDD253A047A00DD135B /* Mapa.swift */ = {isa = PBXFileReference; lastKnownFileType = sourcecode.swift; path = Mapa.swift; sourceTree = "<group>"; };
		54BC8DDF253A048800DD135B /* Notificaciones.swift */ = {isa = PBXFileReference; lastKnownFileType = sourcecode.swift; path = Notificaciones.swift; sourceTree = "<group>"; };
		54BC8DE1253A04B900DD135B /* Cliente.swift */ = {isa = PBXFileReference; lastKnownFileType = sourcecode.swift; path = Cliente.swift; sourceTree = "<group>"; };
		54BC8DE3253A055B00DD135B /* LaunchScreen.storyboard */ = {isa = PBXFileReference; lastKnownFileType = file.storyboard; path = LaunchScreen.storyboard; sourceTree = "<group>"; };
		54EFD2ED252CD72E0050E54C /* BBVA.app */ = {isa = PBXFileReference; explicitFileType = wrapper.application; includeInIndex = 0; path = BBVA.app; sourceTree = BUILT_PRODUCTS_DIR; };
		54EFD2F0252CD72E0050E54C /* AppDelegate.swift */ = {isa = PBXFileReference; lastKnownFileType = sourcecode.swift; path = AppDelegate.swift; sourceTree = "<group>"; };
		54EFD2F2252CD72E0050E54C /* SceneDelegate.swift */ = {isa = PBXFileReference; lastKnownFileType = sourcecode.swift; path = SceneDelegate.swift; sourceTree = "<group>"; };
		54EFD2FA252CD72E0050E54C /* BBVA.xcdatamodel */ = {isa = PBXFileReference; lastKnownFileType = wrapper.xcdatamodel; path = BBVA.xcdatamodel; sourceTree = "<group>"; };
		54EFD2FC252CD7310050E54C /* Assets.xcassets */ = {isa = PBXFileReference; lastKnownFileType = folder.assetcatalog; path = Assets.xcassets; sourceTree = "<group>"; };
		54EFD301252CD7310050E54C /* Info.plist */ = {isa = PBXFileReference; lastKnownFileType = text.plist.xml; path = Info.plist; sourceTree = "<group>"; };
		B78823111ED5215650C7C44E /* Pods_BBVA.framework */ = {isa = PBXFileReference; explicitFileType = wrapper.framework; includeInIndex = 0; path = Pods_BBVA.framework; sourceTree = BUILT_PRODUCTS_DIR; };
		F27E6FE304AEBB6E8A8EFFA5 /* Pods-BBVA.release.xcconfig */ = {isa = PBXFileReference; includeInIndex = 1; lastKnownFileType = text.xcconfig; name = "Pods-BBVA.release.xcconfig"; path = "Target Support Files/Pods-BBVA/Pods-BBVA.release.xcconfig"; sourceTree = "<group>"; };
/* End PBXFileReference section */

/* Begin PBXFrameworksBuildPhase section */
		54EFD2EA252CD72E0050E54C /* Frameworks */ = {
			isa = PBXFrameworksBuildPhase;
			buildActionMask = 2147483647;
			files = (
				55D0B45F7C5125B8741DC912 /* Pods_BBVA.framework in Frameworks */,
			);
			runOnlyForDeploymentPostprocessing = 0;
		};
/* End PBXFrameworksBuildPhase section */

/* Begin PBXGroup section */
		52EB46F9F937E236BC19B215 /* Pods */ = {
			isa = PBXGroup;
			children = (
				51CEB5306CE71C92E7BE4F79 /* Pods-BBVA.debug.xcconfig */,
				F27E6FE304AEBB6E8A8EFFA5 /* Pods-BBVA.release.xcconfig */,
			);
			name = Pods;
			path = Pods;
			sourceTree = "<group>";
		};
		54BC8DD2253A012000DD135B /* Helper */ = {
			isa = PBXGroup;
			children = (
			);
			path = Helper;
			sourceTree = "<group>";
		};
		54BC8DD3253A014D00DD135B /* Services */ = {
			isa = PBXGroup;
			children = (
			);
			path = Services;
			sourceTree = "<group>";
		};
		54BC8DD4253A015A00DD135B /* Model */ = {
			isa = PBXGroup;
			children = (
				54BC8DE1253A04B900DD135B /* Cliente.swift */,
			);
			path = Model;
			sourceTree = "<group>";
		};
		54BC8DD5253A016A00DD135B /* Extensions */ = {
			isa = PBXGroup;
			children = (
				543F86DB253B2F2600351B3C /* HideKeyboard.swift */,
			);
			path = Extensions;
			sourceTree = "<group>";
		};
		54BC8DD6253A017C00DD135B /* Views */ = {
			isa = PBXGroup;
			children = (
				54BC8DD9253A03AB00DD135B /* Main.storyboard */,
				54BC8DE3253A055B00DD135B /* LaunchScreen.storyboard */,
			);
			path = Views;
			sourceTree = "<group>";
		};
		54BC8DD7253A018600DD135B /* CoreData */ = {
			isa = PBXGroup;
			children = (
				54EFD2F9252CD72E0050E54C /* BBVA.xcdatamodeld */,
			);
			path = CoreData;
			sourceTree = "<group>";
		};
		54BC8DD8253A019100DD135B /* Controller */ = {
			isa = PBXGroup;
			children = (
				54BC8DDB253A045D00DD135B /* Principal.swift */,
				54BC8DDD253A047A00DD135B /* Mapa.swift */,
				54BC8DDF253A048800DD135B /* Notificaciones.swift */,
				5435AEA8253AD07E008FF64E /* InicioSesion.swift */,
			);
			path = Controller;
			sourceTree = "<group>";
		};
		54EFD2E4252CD72E0050E54C = {
			isa = PBXGroup;
			children = (
				54EFD2EF252CD72E0050E54C /* BBVA */,
				54EFD2EE252CD72E0050E54C /* Products */,
				52EB46F9F937E236BC19B215 /* Pods */,
				72D55948B818D506D3DB911F /* Frameworks */,
			);
			sourceTree = "<group>";
		};
		54EFD2EE252CD72E0050E54C /* Products */ = {
			isa = PBXGroup;
			children = (
				54EFD2ED252CD72E0050E54C /* BBVA.app */,
			);
			name = Products;
			sourceTree = "<group>";
		};
		54EFD2EF252CD72E0050E54C /* BBVA */ = {
			isa = PBXGroup;
			children = (
				54BC8DD7253A018600DD135B /* CoreData */,
				54BC8DD5253A016A00DD135B /* Extensions */,
				54BC8DD2253A012000DD135B /* Helper */,
				54BC8DD4253A015A00DD135B /* Model */,
				54BC8DD3253A014D00DD135B /* Services */,
				54BC8DD6253A017C00DD135B /* Views */,
				54BC8DD8253A019100DD135B /* Controller */,
				54EFD2F0252CD72E0050E54C /* AppDelegate.swift */,
				54EFD2FC252CD7310050E54C /* Assets.xcassets */,
				54EFD2F2252CD72E0050E54C /* SceneDelegate.swift */,
				54EFD301252CD7310050E54C /* Info.plist */,
			);
			path = BBVA;
			sourceTree = "<group>";
		};
		72D55948B818D506D3DB911F /* Frameworks */ = {
			isa = PBXGroup;
			children = (
				B78823111ED5215650C7C44E /* Pods_BBVA.framework */,
			);
			name = Frameworks;
			sourceTree = "<group>";
		};
/* End PBXGroup section */

/* Begin PBXNativeTarget section */
		54EFD2EC252CD72E0050E54C /* BBVA */ = {
			isa = PBXNativeTarget;
			buildConfigurationList = 54EFD304252CD7310050E54C /* Build configuration list for PBXNativeTarget "BBVA" */;
			buildPhases = (
				23E9963E12F42D2E9C140AC8 /* [CP] Check Pods Manifest.lock */,
				54EFD2E9252CD72E0050E54C /* Sources */,
				54EFD2EA252CD72E0050E54C /* Frameworks */,
				54EFD2EB252CD72E0050E54C /* Resources */,
				32FDBA41C7346F84BB2834FE /* [CP] Embed Pods Frameworks */,
				C5914350ED84AD74CBA12F14 /* [CP] Copy Pods Resources */,
			);
			buildRules = (
			);
			dependencies = (
			);
			name = BBVA;
			productName = BBVA;
			productReference = 54EFD2ED252CD72E0050E54C /* BBVA.app */;
			productType = "com.apple.product-type.application";
		};
/* End PBXNativeTarget section */

/* Begin PBXProject section */
		54EFD2E5252CD72E0050E54C /* Project object */ = {
			isa = PBXProject;
			attributes = {
				LastSwiftUpdateCheck = 1130;
				LastUpgradeCheck = 1130;
				ORGANIZATIONNAME = SamArtGS;
				TargetAttributes = {
					54EFD2EC252CD72E0050E54C = {
						CreatedOnToolsVersion = 11.3.1;
					};
				};
			};
			buildConfigurationList = 54EFD2E8252CD72E0050E54C /* Build configuration list for PBXProject "BBVA" */;
			compatibilityVersion = "Xcode 9.3";
			developmentRegion = en;
			hasScannedForEncodings = 0;
			knownRegions = (
				en,
				Base,
			);
			mainGroup = 54EFD2E4252CD72E0050E54C;
			productRefGroup = 54EFD2EE252CD72E0050E54C /* Products */;
			projectDirPath = "";
			projectRoot = "";
			targets = (
				54EFD2EC252CD72E0050E54C /* BBVA */,
			);
		};
/* End PBXProject section */

/* Begin PBXResourcesBuildPhase section */
		54EFD2EB252CD72E0050E54C /* Resources */ = {
			isa = PBXResourcesBuildPhase;
			buildActionMask = 2147483647;
			files = (
				54BC8DE4253A055B00DD135B /* LaunchScreen.storyboard in Resources */,
				54BC8DDA253A03AB00DD135B /* Main.storyboard in Resources */,
				54EFD2FD252CD7310050E54C /* Assets.xcassets in Resources */,
			);
			runOnlyForDeploymentPostprocessing = 0;
		};
/* End PBXResourcesBuildPhase section */

/* Begin PBXShellScriptBuildPhase section */
		23E9963E12F42D2E9C140AC8 /* [CP] Check Pods Manifest.lock */ = {
			isa = PBXShellScriptBuildPhase;
			buildActionMask = 2147483647;
			files = (
			);
			inputFileListPaths = (
			);
			inputPaths = (
				"${PODS_PODFILE_DIR_PATH}/Podfile.lock",
				"${PODS_ROOT}/Manifest.lock",
			);
			name = "[CP] Check Pods Manifest.lock";
			outputFileListPaths = (
			);
			outputPaths = (
				"$(DERIVED_FILE_DIR)/Pods-BBVA-checkManifestLockResult.txt",
			);
			runOnlyForDeploymentPostprocessing = 0;
			shellPath = /bin/sh;
			shellScript = "diff \"${PODS_PODFILE_DIR_PATH}/Podfile.lock\" \"${PODS_ROOT}/Manifest.lock\" > /dev/null\nif [ $? != 0 ] ; then\n    # print error to STDERR\n    echo \"error: The sandbox is not in sync with the Podfile.lock. Run 'pod install' or update your CocoaPods installation.\" >&2\n    exit 1\nfi\n# This output is used by Xcode 'outputs' to avoid re-running this script phase.\necho \"SUCCESS\" > \"${SCRIPT_OUTPUT_FILE_0}\"\n";
			showEnvVarsInLog = 0;
		};
		32FDBA41C7346F84BB2834FE /* [CP] Embed Pods Frameworks */ = {
			isa = PBXShellScriptBuildPhase;
			buildActionMask = 2147483647;
			files = (
			);
			inputFileListPaths = (
				"${PODS_ROOT}/Target Support Files/Pods-BBVA/Pods-BBVA-frameworks-${CONFIGURATION}-input-files.xcfilelist",
			);
			name = "[CP] Embed Pods Frameworks";
			outputFileListPaths = (
				"${PODS_ROOT}/Target Support Files/Pods-BBVA/Pods-BBVA-frameworks-${CONFIGURATION}-output-files.xcfilelist",
			);
			runOnlyForDeploymentPostprocessing = 0;
			shellPath = /bin/sh;
			shellScript = "\"${PODS_ROOT}/Target Support Files/Pods-BBVA/Pods-BBVA-frameworks.sh\"\n";
			showEnvVarsInLog = 0;
		};
		C5914350ED84AD74CBA12F14 /* [CP] Copy Pods Resources */ = {
			isa = PBXShellScriptBuildPhase;
			buildActionMask = 2147483647;
			files = (
			);
			inputFileListPaths = (
				"${PODS_ROOT}/Target Support Files/Pods-BBVA/Pods-BBVA-resources-${CONFIGURATION}-input-files.xcfilelist",
			);
			name = "[CP] Copy Pods Resources";
			outputFileListPaths = (
				"${PODS_ROOT}/Target Support Files/Pods-BBVA/Pods-BBVA-resources-${CONFIGURATION}-output-files.xcfilelist",
			);
			runOnlyForDeploymentPostprocessing = 0;
			shellPath = /bin/sh;
			shellScript = "\"${PODS_ROOT}/Target Support Files/Pods-BBVA/Pods-BBVA-resources.sh\"\n";
			showEnvVarsInLog = 0;
		};
/* End PBXShellScriptBuildPhase section */

/* Begin PBXSourcesBuildPhase section */
		54EFD2E9252CD72E0050E54C /* Sources */ = {
			isa = PBXSourcesBuildPhase;
			buildActionMask = 2147483647;
			files = (
				54BC8DDC253A045D00DD135B /* Principal.swift in Sources */,
				5435AEA9253AD07E008FF64E /* InicioSesion.swift in Sources */,
				54BC8DE2253A04B900DD135B /* Cliente.swift in Sources */,
				54EFD2FB252CD72E0050E54C /* BBVA.xcdatamodeld in Sources */,
				54BC8DE0253A048800DD135B /* Notificaciones.swift in Sources */,
				54BC8DDE253A047A00DD135B /* Mapa.swift in Sources */,
				54EFD2F1252CD72E0050E54C /* AppDelegate.swift in Sources */,
				543F86DC253B2F2600351B3C /* HideKeyboard.swift in Sources */,
				54EFD2F3252CD72E0050E54C /* SceneDelegate.swift in Sources */,
			);
			runOnlyForDeploymentPostprocessing = 0;
		};
/* End PBXSourcesBuildPhase section */

/* Begin XCBuildConfiguration section */
		54EFD302252CD7310050E54C /* Debug */ = {
			isa = XCBuildConfiguration;
			buildSettings = {
				ALWAYS_SEARCH_USER_PATHS = NO;
				CLANG_ANALYZER_NONNULL = YES;
				CLANG_ANALYZER_NUMBER_OBJECT_CONVERSION = YES_AGGRESSIVE;
				CLANG_CXX_LANGUAGE_STANDARD = "gnu++14";
				CLANG_CXX_LIBRARY = "libc++";
				CLANG_ENABLE_MODULES = YES;
				CLANG_ENABLE_OBJC_ARC = YES;
				CLANG_ENABLE_OBJC_WEAK = YES;
				CLANG_WARN_BLOCK_CAPTURE_AUTORELEASING = YES;
				CLANG_WARN_BOOL_CONVERSION = YES;
				CLANG_WARN_COMMA = YES;
				CLANG_WARN_CONSTANT_CONVERSION = YES;
				CLANG_WARN_DEPRECATED_OBJC_IMPLEMENTATIONS = YES;
				CLANG_WARN_DIRECT_OBJC_ISA_USAGE = YES_ERROR;
				CLANG_WARN_DOCUMENTATION_COMMENTS = YES;
				CLANG_WARN_EMPTY_BODY = YES;
				CLANG_WARN_ENUM_CONVERSION = YES;
				CLANG_WARN_INFINITE_RECURSION = YES;
				CLANG_WARN_INT_CONVERSION = YES;
				CLANG_WARN_NON_LITERAL_NULL_CONVERSION = YES;
				CLANG_WARN_OBJC_IMPLICIT_RETAIN_SELF = YES;
				CLANG_WARN_OBJC_LITERAL_CONVERSION = YES;
				CLANG_WARN_OBJC_ROOT_CLASS = YES_ERROR;
				CLANG_WARN_RANGE_LOOP_ANALYSIS = YES;
				CLANG_WARN_STRICT_PROTOTYPES = YES;
				CLANG_WARN_SUSPICIOUS_MOVE = YES;
				CLANG_WARN_UNGUARDED_AVAILABILITY = YES_AGGRESSIVE;
				CLANG_WARN_UNREACHABLE_CODE = YES;
				CLANG_WARN__DUPLICATE_METHOD_MATCH = YES;
				COPY_PHASE_STRIP = NO;
				DEBUG_INFORMATION_FORMAT = dwarf;
				ENABLE_STRICT_OBJC_MSGSEND = YES;
				ENABLE_TESTABILITY = YES;
				GCC_C_LANGUAGE_STANDARD = gnu11;
				GCC_DYNAMIC_NO_PIC = NO;
				GCC_NO_COMMON_BLOCKS = YES;
				GCC_OPTIMIZATION_LEVEL = 0;
				GCC_PREPROCESSOR_DEFINITIONS = (
					"DEBUG=1",
					"$(inherited)",
				);
				GCC_WARN_64_TO_32_BIT_CONVERSION = YES;
				GCC_WARN_ABOUT_RETURN_TYPE = YES_ERROR;
				GCC_WARN_UNDECLARED_SELECTOR = YES;
				GCC_WARN_UNINITIALIZED_AUTOS = YES_AGGRESSIVE;
				GCC_WARN_UNUSED_FUNCTION = YES;
				GCC_WARN_UNUSED_VARIABLE = YES;
				IPHONEOS_DEPLOYMENT_TARGET = 10.0;
				MTL_ENABLE_DEBUG_INFO = INCLUDE_SOURCE;
				MTL_FAST_MATH = YES;
				ONLY_ACTIVE_ARCH = YES;
				SDKROOT = iphoneos;
				SWIFT_ACTIVE_COMPILATION_CONDITIONS = DEBUG;
				SWIFT_OPTIMIZATION_LEVEL = "-Onone";
			};
			name = Debug;
		};
		54EFD303252CD7310050E54C /* Release */ = {
			isa = XCBuildConfiguration;
			buildSettings = {
				ALWAYS_SEARCH_USER_PATHS = NO;
				CLANG_ANALYZER_NONNULL = YES;
				CLANG_ANALYZER_NUMBER_OBJECT_CONVERSION = YES_AGGRESSIVE;
				CLANG_CXX_LANGUAGE_STANDARD = "gnu++14";
				CLANG_CXX_LIBRARY = "libc++";
				CLANG_ENABLE_MODULES = YES;
				CLANG_ENABLE_OBJC_ARC = YES;
				CLANG_ENABLE_OBJC_WEAK = YES;
				CLANG_WARN_BLOCK_CAPTURE_AUTORELEASING = YES;
				CLANG_WARN_BOOL_CONVERSION = YES;
				CLANG_WARN_COMMA = YES;
				CLANG_WARN_CONSTANT_CONVERSION = YES;
				CLANG_WARN_DEPRECATED_OBJC_IMPLEMENTATIONS = YES;
				CLANG_WARN_DIRECT_OBJC_ISA_USAGE = YES_ERROR;
				CLANG_WARN_DOCUMENTATION_COMMENTS = YES;
				CLANG_WARN_EMPTY_BODY = YES;
				CLANG_WARN_ENUM_CONVERSION = YES;
				CLANG_WARN_INFINITE_RECURSION = YES;
				CLANG_WARN_INT_CONVERSION = YES;
				CLANG_WARN_NON_LITERAL_NULL_CONVERSION = YES;
				CLANG_WARN_OBJC_IMPLICIT_RETAIN_SELF = YES;
				CLANG_WARN_OBJC_LITERAL_CONVERSION = YES;
				CLANG_WARN_OBJC_ROOT_CLASS = YES_ERROR;
				CLANG_WARN_RANGE_LOOP_ANALYSIS = YES;
				CLANG_WARN_STRICT_PROTOTYPES = YES;
				CLANG_WARN_SUSPICIOUS_MOVE = YES;
				CLANG_WARN_UNGUARDED_AVAILABILITY = YES_AGGRESSIVE;
				CLANG_WARN_UNREACHABLE_CODE = YES;
				CLANG_WARN__DUPLICATE_METHOD_MATCH = YES;
				COPY_PHASE_STRIP = NO;
				DEBUG_INFORMATION_FORMAT = "dwarf-with-dsym";
				ENABLE_NS_ASSERTIONS = NO;
				ENABLE_STRICT_OBJC_MSGSEND = YES;
				GCC_C_LANGUAGE_STANDARD = gnu11;
				GCC_NO_COMMON_BLOCKS = YES;
				GCC_WARN_64_TO_32_BIT_CONVERSION = YES;
				GCC_WARN_ABOUT_RETURN_TYPE = YES_ERROR;
				GCC_WARN_UNDECLARED_SELECTOR = YES;
				GCC_WARN_UNINITIALIZED_AUTOS = YES_AGGRESSIVE;
				GCC_WARN_UNUSED_FUNCTION = YES;
				GCC_WARN_UNUSED_VARIABLE = YES;
				IPHONEOS_DEPLOYMENT_TARGET = 10.0;
				MTL_ENABLE_DEBUG_INFO = NO;
				MTL_FAST_MATH = YES;
				SDKROOT = iphoneos;
				SWIFT_COMPILATION_MODE = wholemodule;
				SWIFT_OPTIMIZATION_LEVEL = "-O";
				VALIDATE_PRODUCT = YES;
			};
			name = Release;
		};
		54EFD305252CD7310050E54C /* Debug */ = {
			isa = XCBuildConfiguration;
			baseConfigurationReference = 51CEB5306CE71C92E7BE4F79 /* Pods-BBVA.debug.xcconfig */;
			buildSettings = {
				ASSETCATALOG_COMPILER_APPICON_NAME = AppIcon;
				CODE_SIGN_STYLE = Automatic;
				DEVELOPMENT_TEAM = FDTCRD4BVY;
				INFOPLIST_FILE = BBVA/Info.plist;
				LD_RUNPATH_SEARCH_PATHS = (
					"$(inherited)",
					"@executable_path/Frameworks",
				);
				PRODUCT_BUNDLE_IDENTIFIER = SamArtGS.BBVA;
				PRODUCT_NAME = "$(TARGET_NAME)";
				SWIFT_VERSION = 5.0;
				TARGETED_DEVICE_FAMILY = "1,2";
			};
			name = Debug;
		};
		54EFD306252CD7310050E54C /* Release */ = {
			isa = XCBuildConfiguration;
			baseConfigurationReference = F27E6FE304AEBB6E8A8EFFA5 /* Pods-BBVA.release.xcconfig */;
			buildSettings = {
				ASSETCATALOG_COMPILER_APPICON_NAME = AppIcon;
				CODE_SIGN_STYLE = Automatic;
				DEVELOPMENT_TEAM = FDTCRD4BVY;
				INFOPLIST_FILE = BBVA/Info.plist;
				LD_RUNPATH_SEARCH_PATHS = (
					"$(inherited)",
					"@executable_path/Frameworks",
				);
				PRODUCT_BUNDLE_IDENTIFIER = SamArtGS.BBVA;
				PRODUCT_NAME = "$(TARGET_NAME)";
				SWIFT_VERSION = 5.0;
				TARGETED_DEVICE_FAMILY = "1,2";
			};
			name = Release;
		};
/* End XCBuildConfiguration section */

/* Begin XCConfigurationList section */
		54EFD2E8252CD72E0050E54C /* Build configuration list for PBXProject "BBVA" */ = {
			isa = XCConfigurationList;
			buildConfigurations = (
				54EFD302252CD7310050E54C /* Debug */,
				54EFD303252CD7310050E54C /* Release */,
			);
			defaultConfigurationIsVisible = 0;
			defaultConfigurationName = Release;
		};
		54EFD304252CD7310050E54C /* Build configuration list for PBXNativeTarget "BBVA" */ = {
			isa = XCConfigurationList;
			buildConfigurations = (
				54EFD305252CD7310050E54C /* Debug */,
				54EFD306252CD7310050E54C /* Release */,
			);
			defaultConfigurationIsVisible = 0;
			defaultConfigurationName = Release;
		};
/* End XCConfigurationList section */

/* Begin XCVersionGroup section */
		54EFD2F9252CD72E0050E54C /* BBVA.xcdatamodeld */ = {
			isa = XCVersionGroup;
			children = (
				54EFD2FA252CD72E0050E54C /* BBVA.xcdatamodel */,
			);
			currentVersion = 54EFD2FA252CD72E0050E54C /* BBVA.xcdatamodel */;
			path = BBVA.xcdatamodeld;
			sourceTree = "<group>";
			versionGroupType = wrapper.xcdatamodel;
		};
/* End XCVersionGroup section */
	};
	rootObject = 54EFD2E5252CD72E0050E54C /* Project object */;
}
